// !$*UTF8*$!
{
	archiveVersion = 1;
	classes = {
	};
	objectVersion = 46;
	objects = {

/* Begin PBXBuildFile section */
		239D8E351D2A074400284A89 /* main.m in Sources */ = {isa = PBXBuildFile; fileRef = 239D8E341D2A074400284A89 /* main.m */; };
		239D8E381D2A074400284A89 /* AppDelegate.m in Sources */ = {isa = PBXBuildFile; fileRef = 239D8E371D2A074400284A89 /* AppDelegate.m */; };
		239D8E3B1D2A074400284A89 /* ViewController.m in Sources */ = {isa = PBXBuildFile; fileRef = 239D8E3A1D2A074400284A89 /* ViewController.m */; };
		239D8E3E1D2A074400284A89 /* Main.storyboard in Resources */ = {isa = PBXBuildFile; fileRef = 239D8E3C1D2A074400284A89 /* Main.storyboard */; };
		239D8E401D2A074400284A89 /* Assets.xcassets in Resources */ = {isa = PBXBuildFile; fileRef = 239D8E3F1D2A074400284A89 /* Assets.xcassets */; };
		239D8E431D2A074400284A89 /* LaunchScreen.storyboard in Resources */ = {isa = PBXBuildFile; fileRef = 239D8E411D2A074400284A89 /* LaunchScreen.storyboard */; };
		239D8E4E1D2A074400284A89 /* popFirstTests.m in Sources */ = {isa = PBXBuildFile; fileRef = 239D8E4D1D2A074400284A89 /* popFirstTests.m */; };
		239D8E591D2A074400284A89 /* popFirstUITests.m in Sources */ = {isa = PBXBuildFile; fileRef = 239D8E581D2A074400284A89 /* popFirstUITests.m */; };
/* End PBXBuildFile section */

/* Begin PBXContainerItemProxy section */
		239D8E4A1D2A074400284A89 /* PBXContainerItemProxy */ = {
			isa = PBXContainerItemProxy;
			containerPortal = 239D8E281D2A074400284A89 /* Project object */;
			proxyType = 1;
			remoteGlobalIDString = 239D8E2F1D2A074400284A89;
			remoteInfo = popFirst;
		};
		239D8E551D2A074400284A89 /* PBXContainerItemProxy */ = {
			isa = PBXContainerItemProxy;
			containerPortal = 239D8E281D2A074400284A89 /* Project object */;
			proxyType = 1;
			remoteGlobalIDString = 239D8E2F1D2A074400284A89;
			remoteInfo = popFirst;
		};
/* End PBXContainerItemProxy section */

/* Begin PBXFileReference section */
		239D8E301D2A074400284A89 /* popFirst.app */ = {isa = PBXFileReference; explicitFileType = wrapper.application; includeInIndex = 0; path = popFirst.app; sourceTree = BUILT_PRODUCTS_DIR; };
		239D8E341D2A074400284A89 /* main.m */ = {isa = PBXFileReference; lastKnownFileType = sourcecode.c.objc; path = main.m; sourceTree = "<group>"; };
		239D8E361D2A074400284A89 /* AppDelegate.h */ = {isa = PBXFileReference; lastKnownFileType = sourcecode.c.h; path = AppDelegate.h; sourceTree = "<group>"; };
		239D8E371D2A074400284A89 /* AppDelegate.m */ = {isa = PBXFileReference; lastKnownFileType = sourcecode.c.objc; path = AppDelegate.m; sourceTree = "<group>"; };
		239D8E391D2A074400284A89 /* ViewController.h */ = {isa = PBXFileReference; lastKnownFileType = sourcecode.c.h; path = ViewController.h; sourceTree = "<group>"; };
		239D8E3A1D2A074400284A89 /* ViewController.m */ = {isa = PBXFileReference; lastKnownFileType = sourcecode.c.objc; path = ViewController.m; sourceTree = "<group>"; };
		239D8E3D1D2A074400284A89 /* Base */ = {isa = PBXFileReference; lastKnownFileType = file.storyboard; name = Base; path = Base.lproj/Main.storyboard; sourceTree = "<group>"; };
		239D8E3F1D2A074400284A89 /* Assets.xcassets */ = {isa = PBXFileReference; lastKnownFileType = folder.assetcatalog; path = Assets.xcassets; sourceTree = "<group>"; };
		239D8E421D2A074400284A89 /* Base */ = {isa = PBXFileReference; lastKnownFileType = file.storyboard; name = Base; path = Base.lproj/LaunchScreen.storyboard; sourceTree = "<group>"; };
		239D8E441D2A074400284A89 /* Info.plist */ = {isa = PBXFileReference; lastKnownFileType = text.plist.xml; path = Info.plist; sourceTree = "<group>"; };
		239D8E491D2A074400284A89 /* popFirstTests.xctest */ = {isa = PBXFileReference; explicitFileType = wrapper.cfbundle; includeInIndex = 0; path = popFirstTests.xctest; sourceTree = BUILT_PRODUCTS_DIR; };
		239D8E4D1D2A074400284A89 /* popFirstTests.m */ = {isa = PBXFileReference; lastKnownFileType = sourcecode.c.objc; path = popFirstTests.m; sourceTree = "<group>"; };
		239D8E4F1D2A074400284A89 /* Info.plist */ = {isa = PBXFileReference; lastKnownFileType = text.plist.xml; path = Info.plist; sourceTree = "<group>"; };
		239D8E541D2A074400284A89 /* popFirstUITests.xctest */ = {isa = PBXFileReference; explicitFileType = wrapper.cfbundle; includeInIndex = 0; path = popFirstUITests.xctest; sourceTree = BUILT_PRODUCTS_DIR; };
		239D8E581D2A074400284A89 /* popFirstUITests.m */ = {isa = PBXFileReference; lastKnownFileType = sourcecode.c.objc; path = popFirstUITests.m; sourceTree = "<group>"; };
		239D8E5A1D2A074400284A89 /* Info.plist */ = {isa = PBXFileReference; lastKnownFileType = text.plist.xml; path = Info.plist; sourceTree = "<group>"; };
/* End PBXFileReference section */

/* Begin PBXFrameworksBuildPhase section */
		239D8E2D1D2A074400284A89 /* Frameworks */ = {
			isa = PBXFrameworksBuildPhase;
			buildActionMask = 2147483647;
			files = (
			);
			runOnlyForDeploymentPostprocessing = 0;
		};
		239D8E461D2A074400284A89 /* Frameworks */ = {
			isa = PBXFrameworksBuildPhase;
			buildActionMask = 2147483647;
			files = (
			);
			runOnlyForDeploymentPostprocessing = 0;
		};
		239D8E511D2A074400284A89 /* Frameworks */ = {
			isa = PBXFrameworksBuildPhase;
			buildActionMask = 2147483647;
			files = (
			);
			runOnlyForDeploymentPostprocessing = 0;
		};
/* End PBXFrameworksBuildPhase section */

/* Begin PBXGroup section */
		239D8E271D2A074400284A89 = {
			isa = PBXGroup;
			children = (
				239D8E321D2A074400284A89 /* popFirst */,
				239D8E4C1D2A074400284A89 /* popFirstTests */,
				239D8E571D2A074400284A89 /* popFirstUITests */,
				239D8E311D2A074400284A89 /* Products */,
			);
			sourceTree = "<group>";
		};
		239D8E311D2A074400284A89 /* Products */ = {
			isa = PBXGroup;
			children = (
				239D8E301D2A074400284A89 /* popFirst.app */,
				239D8E491D2A074400284A89 /* popFirstTests.xctest */,
				239D8E541D2A074400284A89 /* popFirstUITests.xctest */,
			);
			name = Products;
			sourceTree = "<group>";
		};
		239D8E321D2A074400284A89 /* popFirst */ = {
			isa = PBXGroup;
			children = (
				239D8E361D2A074400284A89 /* AppDelegate.h */,
				239D8E371D2A074400284A89 /* AppDelegate.m */,
				239D8E391D2A074400284A89 /* ViewController.h */,
				239D8E3A1D2A074400284A89 /* ViewController.m */,
				239D8E3C1D2A074400284A89 /* Main.storyboard */,
				239D8E3F1D2A074400284A89 /* Assets.xcassets */,
				239D8E411D2A074400284A89 /* LaunchScreen.storyboard */,
				239D8E441D2A074400284A89 /* Info.plist */,
				239D8E331D2A074400284A89 /* Supporting Files */,
			);
			path = popFirst;
			sourceTree = "<group>";
		};
		239D8E331D2A074400284A89 /* Supporting Files */ = {
			isa = PBXGroup;
			children = (
				239D8E341D2A074400284A89 /* main.m */,
			);
			name = "Supporting Files";
			sourceTree = "<group>";
		};
		239D8E4C1D2A074400284A89 /* popFirstTests */ = {
			isa = PBXGroup;
			children = (
				239D8E4D1D2A074400284A89 /* popFirstTests.m */,
				239D8E4F1D2A074400284A89 /* Info.plist */,
			);
			path = popFirstTests;
			sourceTree = "<group>";
		};
		239D8E571D2A074400284A89 /* popFirstUITests */ = {
			isa = PBXGroup;
			children = (
				239D8E581D2A074400284A89 /* popFirstUITests.m */,
				239D8E5A1D2A074400284A89 /* Info.plist */,
			);
			path = popFirstUITests;
			sourceTree = "<group>";
		};
/* End PBXGroup section */

/* Begin PBXNativeTarget section */
		239D8E2F1D2A074400284A89 /* popFirst */ = {
			isa = PBXNativeTarget;
			buildConfigurationList = 239D8E5D1D2A074400284A89 /* Build configuration list for PBXNativeTarget "popFirst" */;
			buildPhases = (
				239D8E2C1D2A074400284A89 /* Sources */,
				239D8E2D1D2A074400284A89 /* Frameworks */,
				239D8E2E1D2A074400284A89 /* Resources */,
			);
			buildRules = (
			);
			dependencies = (
			);
			name = popFirst;
			productName = popFirst;
			productReference = 239D8E301D2A074400284A89 /* popFirst.app */;
			productType = "com.apple.product-type.application";
		};
		239D8E481D2A074400284A89 /* popFirstTests */ = {
			isa = PBXNativeTarget;
			buildConfigurationList = 239D8E601D2A074400284A89 /* Build configuration list for PBXNativeTarget "popFirstTests" */;
			buildPhases = (
				239D8E451D2A074400284A89 /* Sources */,
				239D8E461D2A074400284A89 /* Frameworks */,
				239D8E471D2A074400284A89 /* Resources */,
			);
			buildRules = (
			);
			dependencies = (
				239D8E4B1D2A074400284A89 /* PBXTargetDependency */,
			);
			name = popFirstTests;
			productName = popFirstTests;
			productReference = 239D8E491D2A074400284A89 /* popFirstTests.xctest */;
			productType = "com.apple.product-type.bundle.unit-test";
		};
		239D8E531D2A074400284A89 /* popFirstUITests */ = {
			isa = PBXNativeTarget;
			buildConfigurationList = 239D8E631D2A074400284A89 /* Build configuration list for PBXNativeTarget "popFirstUITests" */;
			buildPhases = (
				239D8E501D2A074400284A89 /* Sources */,
				239D8E511D2A074400284A89 /* Frameworks */,
				239D8E521D2A074400284A89 /* Resources */,
			);
			buildRules = (
			);
			dependencies = (
				239D8E561D2A074400284A89 /* PBXTargetDependency */,
			);
			name = popFirstUITests;
			productName = popFirstUITests;
			productReference = 239D8E541D2A074400284A89 /* popFirstUITests.xctest */;
			productType = "com.apple.product-type.bundle.ui-testing";
		};
/* End PBXNativeTarget section */

/* Begin PBXProject section */
		239D8E281D2A074400284A89 /* Project object */ = {
			isa = PBXProject;
			attributes = {
				LastUpgradeCheck = 0730;
				ORGANIZATIONNAME = wei63w;
				TargetAttributes = {
					239D8E2F1D2A074400284A89 = {
						CreatedOnToolsVersion = 7.3.1;
					};
					239D8E481D2A074400284A89 = {
						CreatedOnToolsVersion = 7.3.1;
						TestTargetID = 239D8E2F1D2A074400284A89;
					};
					239D8E531D2A074400284A89 = {
						CreatedOnToolsVersion = 7.3.1;
						TestTargetID = 239D8E2F1D2A074400284A89;
					};
				};
			};
			buildConfigurationList = 239D8E2B1D2A074400284A89 /* Build configuration list for PBXProject "popFirst" */;
			compatibilityVersion = "Xcode 3.2";
			developmentRegion = English;
			hasScannedForEncodings = 0;
			knownRegions = (
				en,
				Base,
			);
			mainGroup = 239D8E271D2A074400284A89;
			productRefGroup = 239D8E311D2A074400284A89 /* Products */;
			projectDirPath = "";
			projectRoot = "";
			targets = (
				239D8E2F1D2A074400284A89 /* popFirst */,
				239D8E481D2A074400284A89 /* popFirstTests */,
				239D8E531D2A074400284A89 /* popFirstUITests */,
			);
		};
/* End PBXProject section */

/* Begin PBXResourcesBuildPhase section */
		239D8E2E1D2A074400284A89 /* Resources */ = {
			isa = PBXResourcesBuildPhase;
			buildActionMask = 2147483647;
			files = (
				239D8E431D2A074400284A89 /* LaunchScreen.storyboard in Resources */,
				239D8E401D2A074400284A89 /* Assets.xcassets in Resources */,
				239D8E3E1D2A074400284A89 /* Main.storyboard in Resources */,
			);
			runOnlyForDeploymentPostprocessing = 0;
		};
		239D8E471D2A074400284A89 /* Resources */ = {
			isa = PBXResourcesBuildPhase;
			buildActionMask = 2147483647;
			files = (
			);
			runOnlyForDeploymentPostprocessing = 0;
		};
		239D8E521D2A074400284A89 /* Resources */ = {
			isa = PBXResourcesBuildPhase;
			buildActionMask = 2147483647;
			files = (
			);
			runOnlyForDeploymentPostprocessing = 0;
		};
/* End PBXResourcesBuildPhase section */

/* Begin PBXSourcesBuildPhase section */
		239D8E2C1D2A074400284A89 /* Sources */ = {
			isa = PBXSourcesBuildPhase;
			buildActionMask = 2147483647;
			files = (
				239D8E3B1D2A074400284A89 /* ViewController.m in Sources */,
				239D8E381D2A074400284A89 /* AppDelegate.m in Sources */,
				239D8E351D2A074400284A89 /* main.m in Sources */,
			);
			runOnlyForDeploymentPostprocessing = 0;
		};
		239D8E451D2A074400284A89 /* Sources */ = {
			isa = PBXSourcesBuildPhase;
			buildActionMask = 2147483647;
			files = (
				239D8E4E1D2A074400284A89 /* popFirstTests.m in Sources */,
			);
			runOnlyForDeploymentPostprocessing = 0;
		};
		239D8E501D2A074400284A89 /* Sources */ = {
			isa = PBXSourcesBuildPhase;
			buildActionMask = 2147483647;
			files = (
				239D8E591D2A074400284A89 /* popFirstUITests.m in Sources */,
			);
			runOnlyForDeploymentPostprocessing = 0;
		};
/* End PBXSourcesBuildPhase section */

/* Begin PBXTargetDependency section */
		239D8E4B1D2A074400284A89 /* PBXTargetDependency */ = {
			isa = PBXTargetDependency;
			target = 239D8E2F1D2A074400284A89 /* popFirst */;
			targetProxy = 239D8E4A1D2A074400284A89 /* PBXContainerItemProxy */;
		};
		239D8E561D2A074400284A89 /* PBXTargetDependency */ = {
			isa = PBXTargetDependency;
			target = 239D8E2F1D2A074400284A89 /* popFirst */;
			targetProxy = 239D8E551D2A074400284A89 /* PBXContainerItemProxy */;
		};
/* End PBXTargetDependency section */

/* Begin PBXVariantGroup section */
		239D8E3C1D2A074400284A89 /* Main.storyboard */ = {
			isa = PBXVariantGroup;
			children = (
				239D8E3D1D2A074400284A89 /* Base */,
			);
			name = Main.storyboard;
			sourceTree = "<group>";
		};
		239D8E411D2A074400284A89 /* LaunchScreen.storyboard */ = {
			isa = PBXVariantGroup;
			children = (
				239D8E421D2A074400284A89 /* Base */,
			);
			name = LaunchScreen.storyboard;
			sourceTree = "<group>";
		};
/* End PBXVariantGroup section */

/* Begin XCBuildConfiguration section */
		239D8E5B1D2A074400284A89 /* Debug */ = {
			isa = XCBuildConfiguration;
			buildSettings = {
				ALWAYS_SEARCH_USER_PATHS = NO;
				CLANG_ANALYZER_NONNULL = YES;
				CLANG_CXX_LANGUAGE_STANDARD = "gnu++0x";
				CLANG_CXX_LIBRARY = "libc++";
				CLANG_ENABLE_MODULES = YES;
				CLANG_ENABLE_OBJC_ARC = YES;
				CLANG_WARN_BOOL_CONVERSION = YES;
				CLANG_WARN_CONSTANT_CONVERSION = YES;
				CLANG_WARN_DIRECT_OBJC_ISA_USAGE = YES_ERROR;
				CLANG_WARN_EMPTY_BODY = YES;
				CLANG_WARN_ENUM_CONVERSION = YES;
				CLANG_WARN_INT_CONVERSION = YES;
				CLANG_WARN_OBJC_ROOT_CLASS = YES_ERROR;
				CLANG_WARN_UNREACHABLE_CODE = YES;
				CLANG_WARN__DUPLICATE_METHOD_MATCH = YES;
				"CODE_SIGN_IDENTITY[sdk=iphoneos*]" = "iPhone Developer";
				COPY_PHASE_STRIP = NO;
				DEBUG_INFORMATION_FORMAT = dwarf;
				ENABLE_STRICT_OBJC_MSGSEND = YES;
				ENABLE_TESTABILITY = YES;
				GCC_C_LANGUAGE_STANDARD = gnu99;
				GCC_DYNAMIC_NO_PIC = NO;
				GCC_NO_COMMON_BLOCKS = YES;
				GCC_OPTIMIZATION_LEVEL = 0;
				GCC_PREPROCESSOR_DEFINITIONS = (
					"DEBUG=1",
					"$(inherited)",
				);
				GCC_WARN_64_TO_32_BIT_CONVERSION = YES;
				GCC_WARN_ABOUT_RETURN_TYPE = YES_ERROR;
				GCC_WARN_UNDECLARED_SELECTOR = YES;
				GCC_WARN_UNINITIALIZED_AUTOS = YES_AGGRESSIVE;
				GCC_WARN_UNUSED_FUNCTION = YES;
				GCC_WARN_UNUSED_VARIABLE = YES;
				IPHONEOS_DEPLOYMENT_TARGET = 9.3;
				MTL_ENABLE_DEBUG_INFO = YES;
				ONLY_ACTIVE_ARCH = YES;
				SDKROOT = iphoneos;
			};
			name = Debug;
		};
		239D8E5C1D2A074400284A89 /* Release */ = {
			isa = XCBuildConfiguration;
			buildSettings = {
				ALWAYS_SEARCH_USER_PATHS = NO;
				CLANG_ANALYZER_NONNULL = YES;
				CLANG_CXX_LANGUAGE_STANDARD = "gnu++0x";
				CLANG_CXX_LIBRARY = "libc++";
				CLANG_ENABLE_MODULES = YES;
				CLANG_ENABLE_OBJC_ARC = YES;
				CLANG_WARN_BOOL_CONVERSION = YES;
				CLANG_WARN_CONSTANT_CONVERSION = YES;
				CLANG_WARN_DIRECT_OBJC_ISA_USAGE = YES_ERROR;
				CLANG_WARN_EMPTY_BODY = YES;
				CLANG_WARN_ENUM_CONVERSION = YES;
				CLANG_WARN_INT_CONVERSION = YES;
				CLANG_WARN_OBJC_ROOT_CLASS = YES_ERROR;
				CLANG_WARN_UNREACHABLE_CODE = YES;
				CLANG_WARN__DUPLICATE_METHOD_MATCH = YES;
				"CODE_SIGN_IDENTITY[sdk=iphoneos*]" = "iPhone Developer";
				COPY_PHASE_STRIP = NO;
				DEBUG_INFORMATION_FORMAT = "dwarf-with-dsym";
				ENABLE_NS_ASSERTIONS = NO;
				ENABLE_STRICT_OBJC_MSGSEND = YES;
				GCC_C_LANGUAGE_STANDARD = gnu99;
				GCC_NO_COMMON_BLOCKS = YES;
				GCC_WARN_64_TO_32_BIT_CONVERSION = YES;
				GCC_WARN_ABOUT_RETURN_TYPE = YES_ERROR;
				GCC_WARN_UNDECLARED_SELECTOR = YES;
				GCC_WARN_UNINITIALIZED_AUTOS = YES_AGGRESSIVE;
				GCC_WARN_UNUSED_FUNCTION = YES;
				GCC_WARN_UNUSED_VARIABLE = YES;
				IPHONEOS_DEPLOYMENT_TARGET = 9.3;
				MTL_ENABLE_DEBUG_INFO = NO;
				SDKROOT = iphoneos;
				VALIDATE_PRODUCT = YES;
			};
			name = Release;
		};
		239D8E5E1D2A074400284A89 /* Debug */ = {
			isa = XCBuildConfiguration;
			buildSettings = {
				ASSETCATALOG_COMPILER_APPICON_NAME = AppIcon;
				INFOPLIST_FILE = popFirst/Info.plist;
				LD_RUNPATH_SEARCH_PATHS = "$(inherited) @executable_path/Frameworks";
				PRODUCT_BUNDLE_IDENTIFIER = "-21.popFirst";
				PRODUCT_NAME = "$(TARGET_NAME)";
			};
			name = Debug;
		};
		239D8E5F1D2A074400284A89 /* Release */ = {
			isa = XCBuildConfiguration;
			buildSettings = {
				ASSETCATALOG_COMPILER_APPICON_NAME = AppIcon;
				INFOPLIST_FILE = popFirst/Info.plist;
				LD_RUNPATH_SEARCH_PATHS = "$(inherited) @executable_path/Frameworks";
				PRODUCT_BUNDLE_IDENTIFIER = "-21.popFirst";
				PRODUCT_NAME = "$(TARGET_NAME)";
			};
			name = Release;
		};
		239D8E611D2A074400284A89 /* Debug */ = {
			isa = XCBuildConfiguration;
			buildSettings = {
				BUNDLE_LOADER = "$(TEST_HOST)";
				INFOPLIST_FILE = popFirstTests/Info.plist;
				LD_RUNPATH_SEARCH_PATHS = "$(inherited) @executable_path/Frameworks @loader_path/Frameworks";
				PRODUCT_BUNDLE_IDENTIFIER = "-21.popFirstTests";
				PRODUCT_NAME = "$(TARGET_NAME)";
				TEST_HOST = "$(BUILT_PRODUCTS_DIR)/popFirst.app/popFirst";
			};
			name = Debug;
		};
		239D8E621D2A074400284A89 /* Release */ = {
			isa = XCBuildConfiguration;
			buildSettings = {
				BUNDLE_LOADER = "$(TEST_HOST)";
				INFOPLIST_FILE = popFirstTests/Info.plist;
				LD_RUNPATH_SEARCH_PATHS = "$(inherited) @executable_path/Frameworks @loader_path/Frameworks";
				PRODUCT_BUNDLE_IDENTIFIER = "-21.popFirstTests";
				PRODUCT_NAME = "$(TARGET_NAME)";
				TEST_HOST = "$(BUILT_PRODUCTS_DIR)/popFirst.app/popFirst";
			};
			name = Release;
		};
		239D8E641D2A074400284A89 /* Debug */ = {
			isa = XCBuildConfiguration;
			buildSettings = {
				INFOPLIST_FILE = popFirstUITests/Info.plist;
				LD_RUNPATH_SEARCH_PATHS = "$(inherited) @executable_path/Frameworks @loader_path/Frameworks";
				PRODUCT_BUNDLE_IDENTIFIER = "-21.popFirstUITests";
				PRODUCT_NAME = "$(TARGET_NAME)";
				TEST_TARGET_NAME = popFirst;
			};
			name = Debug;
		};
		239D8E651D2A074400284A89 /* Release */ = {
			isa = XCBuildConfiguration;
			buildSettings = {
				INFOPLIST_FILE = popFirstUITests/Info.plist;
				LD_RUNPATH_SEARCH_PATHS = "$(inherited) @executable_path/Frameworks @loader_path/Frameworks";
				PRODUCT_BUNDLE_IDENTIFIER = "-21.popFirstUITests";
				PRODUCT_NAME = "$(TARGET_NAME)";
				TEST_TARGET_NAME = popFirst;
			};
			name = Release;
		};
/* End XCBuildConfiguration section */

/* Begin XCConfigurationList section */
		239D8E2B1D2A074400284A89 /* Build configuration list for PBXProject "popFirst" */ = {
			isa = XCConfigurationList;
			buildConfigurations = (
				239D8E5B1D2A074400284A89 /* Debug */,
				239D8E5C1D2A074400284A89 /* Release */,
			);
			defaultConfigurationIsVisible = 0;
			defaultConfigurationName = Release;
		};
		239D8E5D1D2A074400284A89 /* Build configuration list for PBXNativeTarget "popFirst" */ = {
			isa = XCConfigurationList;
			buildConfigurations = (
				239D8E5E1D2A074400284A89 /* Debug */,
				239D8E5F1D2A074400284A89 /* Release */,
			);
			defaultConfigurationIsVisible = 0;
		};
		239D8E601D2A074400284A89 /* Build configuration list for PBXNativeTarget "popFirstTests" */ = {
			isa = XCConfigurationList;
			buildConfigurations = (
				239D8E611D2A074400284A89 /* Debug */,
				239D8E621D2A074400284A89 /* Release */,
			);
			defaultConfigurationIsVisible = 0;
		};
		239D8E631D2A074400284A89 /* Build configuration list for PBXNativeTarget "popFirstUITests" */ = {
			isa = XCConfigurationList;
			buildConfigurations = (
				239D8E641D2A074400284A89 /* Debug */,
				239D8E651D2A074400284A89 /* Release */,
			);
			defaultConfigurationIsVisible = 0;
		};
/* End XCConfigurationList section */
	};
	rootObject = 239D8E281D2A074400284A89 /* Project object */;
}
